{
    "_readme": [
        "This file locks the dependencies of your project to a known state",
        "Read more about it at https://getcomposer.org/doc/01-basic-usage.md#installing-dependencies",
        "This file is @generated automatically"
    ],
    "content-hash": "0770fb92ecf13604b0041abffdb43738",
    "packages": [
        {
            "name": "diegonz/php-wake-on-lan",
            "version": "v2.1.1",
            "source": {
                "type": "git",
                "url": "https://github.com/diegonz/PHPWakeOnLan.git",
                "reference": "9d6a7bd52eb6edd4293053069574edbdf75d3f60"
            },
            "dist": {
                "type": "zip",
                "url": "https://api.github.com/repos/diegonz/PHPWakeOnLan/zipball/9d6a7bd52eb6edd4293053069574edbdf75d3f60",
                "reference": "9d6a7bd52eb6edd4293053069574edbdf75d3f60",
                "shasum": ""
            },
            "require": {
                "ext-ctype": "*",
                "ext-sockets": "*",
                "php": "^7.1.8|^8.0"
            },
            "require-dev": {
                "orchestra/testbench": "^3.8|^7.0",
                "phpunit/phpunit": "^7.0|^8.0"
            },
            "type": "library",
            "extra": {
                "laravel": {
                    "aliases": {
                        "PHPWakeOnLan": "Diegonz\\PHPWakeOnLan\\Facades\\PHPWakeOnLan"
                    },
                    "providers": [
                        "Diegonz\\PHPWakeOnLan\\PHPWakeOnLanServiceProvider"
                    ]
                }
            },
            "autoload": {
                "psr-4": {
                    "Diegonz\\PHPWakeOnLan\\": "src"
                }
            },
            "notification-url": "https://packagist.org/downloads/",
            "license": [
                "MIT"
            ],
            "authors": [
                {
                    "name": "Diego González",
                    "role": "Developer"
                }
            ],
            "description": "Wake on lan target enabled devices by sending magic packets to them from PHP",
            "homepage": "https://github.com/diegonz/php-wake-on-lan",
            "keywords": [
                "lan",
                "magicpacket",
                "wake",
                "wakeonlan"
            ],
            "support": {
                "issues": "https://github.com/diegonz/PHPWakeOnLan/issues",
                "source": "https://github.com/diegonz/PHPWakeOnLan/tree/v2.1.1"
            },
            "time": "2023-02-24T08:10:19+00:00"
        },
        {
            "name": "geerlingguy/ping",
            "version": "1.2.1",
            "source": {
                "type": "git",
                "url": "https://github.com/geerlingguy/Ping.git",
                "reference": "e0206326e23c99e3e8820e24705f8ca517adff93"
            },
            "dist": {
                "type": "zip",
                "url": "https://api.github.com/repos/geerlingguy/Ping/zipball/e0206326e23c99e3e8820e24705f8ca517adff93",
                "reference": "e0206326e23c99e3e8820e24705f8ca517adff93",
                "shasum": ""
            },
            "type": "library",
            "autoload": {
                "classmap": [
                    "JJG/Ping.php"
                ]
            },
            "notification-url": "https://packagist.org/downloads/",
            "license": [
                "MIT"
            ],
            "authors": [
                {
                    "name": "Jeff Geerling",
                    "email": "jeff@jeffgeerling.com"
                }
            ],
            "description": "A PHP class to ping hosts.",
            "support": {
                "issues": "https://github.com/geerlingguy/Ping/issues",
                "source": "https://github.com/geerlingguy/Ping/tree/1.2.1"
            },
            "time": "2019-07-29T21:54:12+00:00"
        }
    ],
    "packages-dev": [],
    "aliases": [],
    "minimum-stability": "stable",
    "stability-flags": {},
    "prefer-stable": false,
    "prefer-lowest": false,
    "platform": {},
    "platform-dev": {},
    "plugin-api-version": "2.9.0"
}
